
Microsoft Visual Studio Solution File, Format Version 12.00
# Visual Studio Version 17
VisualStudioVersion = 17.9.34616.47
MinimumVisualStudioVersion = 10.0.40219.1
Project("{27D99A8E-4F9B-43F9-8043-E26AFFDF8AD8}") = "UACBypass", "UACBypass.csproj", "{1E6AF991-28F6-4D28-9D32-3AC16A7887A4}"
EndProject
Global
	GlobalSection(SolutionConfigurationPlatforms) = preSolution
		Debug|Any CPU = Debug|Any CPU
		Release|Any CPU = Release|Any CPU
	EndGlobalSection
	GlobalSection(ProjectConfigurationPlatforms) = postSolution
		{1E6AF991-28F6-4D28-9D32-3AC16A7887A4}.Debug|Any CPU.ActiveCfg = Debug|Any CPU
		{1E6AF991-28F6-4D28-9D32-3AC16A7887A4}.Debug|Any CPU.Build.0 = Debug|Any CPU
		{1E6AF991-28F6-4D28-9D32-3AC16A7887A4}.Release|Any CPU.ActiveCfg = Release|Any CPU
		{1E6AF991-28F6-4D28-9D32-3AC16A7887A4}.Release|Any CPU.Build.0 = Release|Any CPU
	EndGlobalSection
	GlobalSection(SolutionProperties) = preSolution
		HideSolutionNode = FALSE
	EndGlobalSection
	GlobalSection(ExtensibilityGlobals) = postSolution
		SolutionGuid = {5AD37EAC-93A3-4F13-B515-977B78A6F054}
	EndGlobalSection
EndGlobal
